// !$*UTF8*$!
{
	archiveVersion = 1;
	classes = {
	};
	objectVersion = 50;
	objects = {

/* Begin PBXBuildFile section */
		4F27B78B22D9238800ADA026 /* AppDelegate.swift in Sources */ = {isa = PBXBuildFile; fileRef = 4F27B78A22D9238800ADA026 /* AppDelegate.swift */; };
		4F27B79222D9238A00ADA026 /* Assets.xcassets in Resources */ = {isa = PBXBuildFile; fileRef = 4F27B79122D9238A00ADA026 /* Assets.xcassets */; };
		4F27B79522D9238A00ADA026 /* LaunchScreen.storyboard in Resources */ = {isa = PBXBuildFile; fileRef = 4F27B79322D9238A00ADA026 /* LaunchScreen.storyboard */; };
		4F27B79D22D9243B00ADA026 /* NewsTableViewController.swift in Sources */ = {isa = PBXBuildFile; fileRef = 4F27B79C22D9243B00ADA026 /* NewsTableViewController.swift */; };
		4F27B7A022DA6BD700ADA026 /* WebKit.framework in Frameworks */ = {isa = PBXBuildFile; fileRef = 4F27B79F22DA6BD700ADA026 /* WebKit.framework */; };
		4F27B7A322DA6C1A00ADA026 /* NewsDetailViewController.swift in Sources */ = {isa = PBXBuildFile; fileRef = 4F27B7A122DA6C1A00ADA026 /* NewsDetailViewController.swift */; };
		4F27B7A422DA6C1A00ADA026 /* NewsDetailViewController.xib in Resources */ = {isa = PBXBuildFile; fileRef = 4F27B7A222DA6C1A00ADA026 /* NewsDetailViewController.xib */; };
		4F988D0122FDE538000DBBB7 /* API.swift in Sources */ = {isa = PBXBuildFile; fileRef = 4F988D0022FDE538000DBBB7 /* API.swift */; };
		4F988D0322FE0868000DBBB7 /* Article.swift in Sources */ = {isa = PBXBuildFile; fileRef = 4F988D0222FE0868000DBBB7 /* Article.swift */; };
		4FBD874622FDCA310064A5C7 /* Podfile in Resources */ = {isa = PBXBuildFile; fileRef = 4FBD874522FDCA310064A5C7 /* Podfile */; };
		C8B85779DA5DF5972D9FAEDA /* Pods_Module_2.framework in Frameworks */ = {isa = PBXBuildFile; fileRef = FAC2F5E5C2A65EA859B0B41A /* Pods_Module_2.framework */; };
/* End PBXBuildFile section */

/* Begin PBXFileReference section */
		472116708EBF01C39FD1926E /* Pods-Module-2.debug.xcconfig */ = {isa = PBXFileReference; includeInIndex = 1; lastKnownFileType = text.xcconfig; name = "Pods-Module-2.debug.xcconfig"; path = "Target Support Files/Pods-Module-2/Pods-Module-2.debug.xcconfig"; sourceTree = "<group>"; };
		4F27B78722D9238800ADA026 /* Module-2.app */ = {isa = PBXFileReference; explicitFileType = wrapper.application; includeInIndex = 0; path = "Module-2.app"; sourceTree = BUILT_PRODUCTS_DIR; };
		4F27B78A22D9238800ADA026 /* AppDelegate.swift */ = {isa = PBXFileReference; lastKnownFileType = sourcecode.swift; path = AppDelegate.swift; sourceTree = "<group>"; };
		4F27B79122D9238A00ADA026 /* Assets.xcassets */ = {isa = PBXFileReference; lastKnownFileType = folder.assetcatalog; path = Assets.xcassets; sourceTree = "<group>"; };
		4F27B79422D9238A00ADA026 /* Base */ = {isa = PBXFileReference; lastKnownFileType = file.storyboard; name = Base; path = Base.lproj/LaunchScreen.storyboard; sourceTree = "<group>"; };
		4F27B79622D9238A00ADA026 /* Info.plist */ = {isa = PBXFileReference; lastKnownFileType = text.plist.xml; path = Info.plist; sourceTree = "<group>"; };
		4F27B79C22D9243B00ADA026 /* NewsTableViewController.swift */ = {isa = PBXFileReference; lastKnownFileType = sourcecode.swift; path = NewsTableViewController.swift; sourceTree = "<group>"; };
		4F27B79F22DA6BD700ADA026 /* WebKit.framework */ = {isa = PBXFileReference; lastKnownFileType = wrapper.framework; name = WebKit.framework; path = System/Library/Frameworks/WebKit.framework; sourceTree = SDKROOT; };
		4F27B7A122DA6C1A00ADA026 /* NewsDetailViewController.swift */ = {isa = PBXFileReference; lastKnownFileType = sourcecode.swift; path = NewsDetailViewController.swift; sourceTree = "<group>"; };
		4F27B7A222DA6C1A00ADA026 /* NewsDetailViewController.xib */ = {isa = PBXFileReference; lastKnownFileType = file.xib; path = NewsDetailViewController.xib; sourceTree = "<group>"; };
		4F988D0022FDE538000DBBB7 /* API.swift */ = {isa = PBXFileReference; lastKnownFileType = sourcecode.swift; path = API.swift; sourceTree = "<group>"; };
		4F988D0222FE0868000DBBB7 /* Article.swift */ = {isa = PBXFileReference; lastKnownFileType = sourcecode.swift; path = Article.swift; sourceTree = "<group>"; };
		4FBD874522FDCA310064A5C7 /* Podfile */ = {isa = PBXFileReference; lastKnownFileType = text; path = Podfile; sourceTree = "<group>"; xcLanguageSpecificationIdentifier = xcode.lang.ruby; };
		E42AA49B706F7DDC24B929E6 /* Pods-Module-2.release.xcconfig */ = {isa = PBXFileReference; includeInIndex = 1; lastKnownFileType = text.xcconfig; name = "Pods-Module-2.release.xcconfig"; path = "Target Support Files/Pods-Module-2/Pods-Module-2.release.xcconfig"; sourceTree = "<group>"; };
		FAC2F5E5C2A65EA859B0B41A /* Pods_Module_2.framework */ = {isa = PBXFileReference; explicitFileType = wrapper.framework; includeInIndex = 0; path = Pods_Module_2.framework; sourceTree = BUILT_PRODUCTS_DIR; };
/* End PBXFileReference section */

/* Begin PBXFrameworksBuildPhase section */
		4F27B78422D9238800ADA026 /* Frameworks */ = {
			isa = PBXFrameworksBuildPhase;
			buildActionMask = 2147483647;
			files = (
				4F27B7A022DA6BD700ADA026 /* WebKit.framework in Frameworks */,
				C8B85779DA5DF5972D9FAEDA /* Pods_Module_2.framework in Frameworks */,
			);
			runOnlyForDeploymentPostprocessing = 0;
		};
/* End PBXFrameworksBuildPhase section */

/* Begin PBXGroup section */
		1D7146D4DDEE20E8243AFD03 /* Pods */ = {
			isa = PBXGroup;
			children = (
				472116708EBF01C39FD1926E /* Pods-Module-2.debug.xcconfig */,
				E42AA49B706F7DDC24B929E6 /* Pods-Module-2.release.xcconfig */,
			);
			path = Pods;
			sourceTree = "<group>";
		};
		4F27B77E22D9238800ADA026 = {
			isa = PBXGroup;
			children = (
				4FBD874522FDCA310064A5C7 /* Podfile */,
				4F27B78922D9238800ADA026 /* Module-2 */,
				4F27B78822D9238800ADA026 /* Products */,
				4F27B79E22DA6BD700ADA026 /* Frameworks */,
				1D7146D4DDEE20E8243AFD03 /* Pods */,
			);
			sourceTree = "<group>";
		};
		4F27B78822D9238800ADA026 /* Products */ = {
			isa = PBXGroup;
			children = (
				4F27B78722D9238800ADA026 /* Module-2.app */,
			);
			name = Products;
			sourceTree = "<group>";
		};
		4F27B78922D9238800ADA026 /* Module-2 */ = {
			isa = PBXGroup;
			children = (
				4F988CFF22FDE520000DBBB7 /* API */,
				4F27B78A22D9238800ADA026 /* AppDelegate.swift */,
				4F27B79122D9238A00ADA026 /* Assets.xcassets */,
				4F27B79322D9238A00ADA026 /* LaunchScreen.storyboard */,
				4F27B79622D9238A00ADA026 /* Info.plist */,
				4F27B79C22D9243B00ADA026 /* NewsTableViewController.swift */,
				4F27B7A122DA6C1A00ADA026 /* NewsDetailViewController.swift */,
				4F27B7A222DA6C1A00ADA026 /* NewsDetailViewController.xib */,
			);
			path = "Module-2";
			sourceTree = "<group>";
		};
		4F27B79E22DA6BD700ADA026 /* Frameworks */ = {
			isa = PBXGroup;
			children = (
				4F27B79F22DA6BD700ADA026 /* WebKit.framework */,
				FAC2F5E5C2A65EA859B0B41A /* Pods_Module_2.framework */,
			);
			name = Frameworks;
			sourceTree = "<group>";
		};
		4F988CFF22FDE520000DBBB7 /* API */ = {
			isa = PBXGroup;
			children = (
				4F988D0022FDE538000DBBB7 /* API.swift */,
				4F988D0222FE0868000DBBB7 /* Article.swift */,
			);
			path = API;
			sourceTree = "<group>";
		};
/* End PBXGroup section */

/* Begin PBXNativeTarget section */
		4F27B78622D9238800ADA026 /* Module-2 */ = {
			isa = PBXNativeTarget;
			buildConfigurationList = 4F27B79922D9238A00ADA026 /* Build configuration list for PBXNativeTarget "Module-2" */;
			buildPhases = (
				5669D929F0C67A5CDA52894C /* [CP] Check Pods Manifest.lock */,
				4F27B78322D9238800ADA026 /* Sources */,
				4F27B78422D9238800ADA026 /* Frameworks */,
				4F27B78522D9238800ADA026 /* Resources */,
				4D32995341397108F6D73007 /* [CP] Embed Pods Frameworks */,
			);
			buildRules = (
			);
			dependencies = (
			);
			name = "Module-2";
			productName = "Module-2";
			productReference = 4F27B78722D9238800ADA026 /* Module-2.app */;
			productType = "com.apple.product-type.application";
		};
/* End PBXNativeTarget section */

/* Begin PBXProject section */
		4F27B77F22D9238800ADA026 /* Project object */ = {
			isa = PBXProject;
			attributes = {
				LastSwiftUpdateCheck = 1020;
				LastUpgradeCheck = 1020;
				ORGANIZATIONNAME = "Paul Defilippi";
				TargetAttributes = {
					4F27B78622D9238800ADA026 = {
						CreatedOnToolsVersion = 10.2.1;
					};
				};
			};
			buildConfigurationList = 4F27B78222D9238800ADA026 /* Build configuration list for PBXProject "Module-2" */;
			compatibilityVersion = "Xcode 9.3";
			developmentRegion = en;
			hasScannedForEncodings = 0;
			knownRegions = (
				en,
				Base,
			);
			mainGroup = 4F27B77E22D9238800ADA026;
			productRefGroup = 4F27B78822D9238800ADA026 /* Products */;
			projectDirPath = "";
			projectRoot = "";
			targets = (
				4F27B78622D9238800ADA026 /* Module-2 */,
			);
		};
/* End PBXProject section */

/* Begin PBXResourcesBuildPhase section */
		4F27B78522D9238800ADA026 /* Resources */ = {
			isa = PBXResourcesBuildPhase;
			buildActionMask = 2147483647;
			files = (
				4F27B79522D9238A00ADA026 /* LaunchScreen.storyboard in Resources */,
				4F27B79222D9238A00ADA026 /* Assets.xcassets in Resources */,
				4FBD874622FDCA310064A5C7 /* Podfile in Resources */,
				4F27B7A422DA6C1A00ADA026 /* NewsDetailViewController.xib in Resources */,
			);
			runOnlyForDeploymentPostprocessing = 0;
		};
/* End PBXResourcesBuildPhase section */

/* Begin PBXShellScriptBuildPhase section */
		4D32995341397108F6D73007 /* [CP] Embed Pods Frameworks */ = {
			isa = PBXShellScriptBuildPhase;
			buildActionMask = 2147483647;
			files = (
			);
			inputFileListPaths = (
			);
			inputPaths = (
				"${PODS_ROOT}/Target Support Files/Pods-Module-2/Pods-Module-2-frameworks.sh",
				"${BUILT_PRODUCTS_DIR}/Alamofire/Alamofire.framework",
				"${BUILT_PRODUCTS_DIR}/Realm/Realm.framework",
				"${BUILT_PRODUCTS_DIR}/RealmSwift/RealmSwift.framework",
				"${BUILT_PRODUCTS_DIR}/SwiftyJSON/SwiftyJSON.framework",
			);
			name = "[CP] Embed Pods Frameworks";
			outputFileListPaths = (
			);
			outputPaths = (
				"${TARGET_BUILD_DIR}/${FRAMEWORKS_FOLDER_PATH}/Alamofire.framework",
				"${TARGET_BUILD_DIR}/${FRAMEWORKS_FOLDER_PATH}/Realm.framework",
				"${TARGET_BUILD_DIR}/${FRAMEWORKS_FOLDER_PATH}/RealmSwift.framework",
				"${TARGET_BUILD_DIR}/${FRAMEWORKS_FOLDER_PATH}/SwiftyJSON.framework",
			);
			runOnlyForDeploymentPostprocessing = 0;
			shellPath = /bin/sh;
			shellScript = "\"${PODS_ROOT}/Target Support Files/Pods-Module-2/Pods-Module-2-frameworks.sh\"\n";
			showEnvVarsInLog = 0;
		};
		5669D929F0C67A5CDA52894C /* [CP] Check Pods Manifest.lock */ = {
			isa = PBXShellScriptBuildPhase;
			buildActionMask = 2147483647;
			files = (
			);
			inputFileListPaths = (
			);
			inputPaths = (
				"${PODS_PODFILE_DIR_PATH}/Podfile.lock",
				"${PODS_ROOT}/Manifest.lock",
			);
			name = "[CP] Check Pods Manifest.lock";
			outputFileListPaths = (
			);
			outputPaths = (
				"$(DERIVED_FILE_DIR)/Pods-Module-2-checkManifestLockResult.txt",
			);
			runOnlyForDeploymentPostprocessing = 0;
			shellPath = /bin/sh;
			shellScript = "diff \"${PODS_PODFILE_DIR_PATH}/Podfile.lock\" \"${PODS_ROOT}/Manifest.lock\" > /dev/null\nif [ $? != 0 ] ; then\n    # print error to STDERR\n    echo \"error: The sandbox is not in sync with the Podfile.lock. Run 'pod install' or update your CocoaPods installation.\" >&2\n    exit 1\nfi\n# This output is used by Xcode 'outputs' to avoid re-running this script phase.\necho \"SUCCESS\" > \"${SCRIPT_OUTPUT_FILE_0}\"\n";
			showEnvVarsInLog = 0;
		};
/* End PBXShellScriptBuildPhase section */

/* Begin PBXSourcesBuildPhase section */
		4F27B78322D9238800ADA026 /* Sources */ = {
			isa = PBXSourcesBuildPhase;
			buildActionMask = 2147483647;
			files = (
				4F27B79D22D9243B00ADA026 /* NewsTableViewController.swift in Sources */,
				4F27B7A322DA6C1A00ADA026 /* NewsDetailViewController.swift in Sources */,
				4F988D0122FDE538000DBBB7 /* API.swift in Sources */,
				4F27B78B22D9238800ADA026 /* AppDelegate.swift in Sources */,
				4F988D0322FE0868000DBBB7 /* Article.swift in Sources */,
			);
			runOnlyForDeploymentPostprocessing = 0;
		};
/* End PBXSourcesBuildPhase section */

/* Begin PBXVariantGroup section */
		4F27B79322D9238A00ADA026 /* LaunchScreen.storyboard */ = {
			isa = PBXVariantGroup;
			children = (
				4F27B79422D9238A00ADA026 /* Base */,
			);
			name = LaunchScreen.storyboard;
			sourceTree = "<group>";
		};
/* End PBXVariantGroup section */

/* Begin XCBuildConfiguration section */
		4F27B79722D9238A00ADA026 /* Debug */ = {
			isa = XCBuildConfiguration;
			buildSettings = {
				ALWAYS_SEARCH_USER_PATHS = NO;
				CLANG_ANALYZER_NONNULL = YES;
				CLANG_ANALYZER_NUMBER_OBJECT_CONVERSION = YES_AGGRESSIVE;
				CLANG_CXX_LANGUAGE_STANDARD = "gnu++14";
				CLANG_CXX_LIBRARY = "libc++";
				CLANG_ENABLE_MODULES = YES;
				CLANG_ENABLE_OBJC_ARC = YES;
				CLANG_ENABLE_OBJC_WEAK = YES;
				CLANG_WARN_BLOCK_CAPTURE_AUTORELEASING = YES;
				CLANG_WARN_BOOL_CONVERSION = YES;
				CLANG_WARN_COMMA = YES;
				CLANG_WARN_CONSTANT_CONVERSION = YES;
				CLANG_WARN_DEPRECATED_OBJC_IMPLEMENTATIONS = YES;
				CLANG_WARN_DIRECT_OBJC_ISA_USAGE = YES_ERROR;
				CLANG_WARN_DOCUMENTATION_COMMENTS = YES;
				CLANG_WARN_EMPTY_BODY = YES;
				CLANG_WARN_ENUM_CONVERSION = YES;
				CLANG_WARN_INFINITE_RECURSION = YES;
				CLANG_WARN_INT_CONVERSION = YES;
				CLANG_WARN_NON_LITERAL_NULL_CONVERSION = YES;
				CLANG_WARN_OBJC_IMPLICIT_RETAIN_SELF = YES;
				CLANG_WARN_OBJC_LITERAL_CONVERSION = YES;
				CLANG_WARN_OBJC_ROOT_CLASS = YES_ERROR;
				CLANG_WARN_RANGE_LOOP_ANALYSIS = YES;
				CLANG_WARN_STRICT_PROTOTYPES = YES;
				CLANG_WARN_SUSPICIOUS_MOVE = YES;
				CLANG_WARN_UNGUARDED_AVAILABILITY = YES_AGGRESSIVE;
				CLANG_WARN_UNREACHABLE_CODE = YES;
				CLANG_WARN__DUPLICATE_METHOD_MATCH = YES;
				CODE_SIGN_IDENTITY = "iPhone Developer";
				COPY_PHASE_STRIP = NO;
				DEBUG_INFORMATION_FORMAT = dwarf;
				ENABLE_STRICT_OBJC_MSGSEND = YES;
				ENABLE_TESTABILITY = YES;
				GCC_C_LANGUAGE_STANDARD = gnu11;
				GCC_DYNAMIC_NO_PIC = NO;
				GCC_NO_COMMON_BLOCKS = YES;
				GCC_OPTIMIZATION_LEVEL = 0;
				GCC_PREPROCESSOR_DEFINITIONS = (
					"DEBUG=1",
					"$(inherited)",
				);
				GCC_WARN_64_TO_32_BIT_CONVERSION = YES;
				GCC_WARN_ABOUT_RETURN_TYPE = YES_ERROR;
				GCC_WARN_UNDECLARED_SELECTOR = YES;
				GCC_WARN_UNINITIALIZED_AUTOS = YES_AGGRESSIVE;
				GCC_WARN_UNUSED_FUNCTION = YES;
				GCC_WARN_UNUSED_VARIABLE = YES;
				IPHONEOS_DEPLOYMENT_TARGET = 12.2;
				MTL_ENABLE_DEBUG_INFO = INCLUDE_SOURCE;
				MTL_FAST_MATH = YES;
				ONLY_ACTIVE_ARCH = YES;
				SDKROOT = iphoneos;
				SWIFT_ACTIVE_COMPILATION_CONDITIONS = DEBUG;
				SWIFT_OPTIMIZATION_LEVEL = "-Onone";
			};
			name = Debug;
		};
		4F27B79822D9238A00ADA026 /* Release */ = {
			isa = XCBuildConfiguration;
			buildSettings = {
				ALWAYS_SEARCH_USER_PATHS = NO;
				CLANG_ANALYZER_NONNULL = YES;
				CLANG_ANALYZER_NUMBER_OBJECT_CONVERSION = YES_AGGRESSIVE;
				CLANG_CXX_LANGUAGE_STANDARD = "gnu++14";
				CLANG_CXX_LIBRARY = "libc++";
				CLANG_ENABLE_MODULES = YES;
				CLANG_ENABLE_OBJC_ARC = YES;
				CLANG_ENABLE_OBJC_WEAK = YES;
				CLANG_WARN_BLOCK_CAPTURE_AUTORELEASING = YES;
				CLANG_WARN_BOOL_CONVERSION = YES;
				CLANG_WARN_COMMA = YES;
				CLANG_WARN_CONSTANT_CONVERSION = YES;
				CLANG_WARN_DEPRECATED_OBJC_IMPLEMENTATIONS = YES;
				CLANG_WARN_DIRECT_OBJC_ISA_USAGE = YES_ERROR;
				CLANG_WARN_DOCUMENTATION_COMMENTS = YES;
				CLANG_WARN_EMPTY_BODY = YES;
				CLANG_WARN_ENUM_CONVERSION = YES;
				CLANG_WARN_INFINITE_RECURSION = YES;
				CLANG_WARN_INT_CONVERSION = YES;
				CLANG_WARN_NON_LITERAL_NULL_CONVERSION = YES;
				CLANG_WARN_OBJC_IMPLICIT_RETAIN_SELF = YES;
				CLANG_WARN_OBJC_LITERAL_CONVERSION = YES;
				CLANG_WARN_OBJC_ROOT_CLASS = YES_ERROR;
				CLANG_WARN_RANGE_LOOP_ANALYSIS = YES;
				CLANG_WARN_STRICT_PROTOTYPES = YES;
				CLANG_WARN_SUSPICIOUS_MOVE = YES;
				CLANG_WARN_UNGUARDED_AVAILABILITY = YES_AGGRESSIVE;
				CLANG_WARN_UNREACHABLE_CODE = YES;
				CLANG_WARN__DUPLICATE_METHOD_MATCH = YES;
				CODE_SIGN_IDENTITY = "iPhone Developer";
				COPY_PHASE_STRIP = NO;
				DEBUG_INFORMATION_FORMAT = "dwarf-with-dsym";
				ENABLE_NS_ASSERTIONS = NO;
				ENABLE_STRICT_OBJC_MSGSEND = YES;
				GCC_C_LANGUAGE_STANDARD = gnu11;
				GCC_NO_COMMON_BLOCKS = YES;
				GCC_WARN_64_TO_32_BIT_CONVERSION = YES;
				GCC_WARN_ABOUT_RETURN_TYPE = YES_ERROR;
				GCC_WARN_UNDECLARED_SELECTOR = YES;
				GCC_WARN_UNINITIALIZED_AUTOS = YES_AGGRESSIVE;
				GCC_WARN_UNUSED_FUNCTION = YES;
				GCC_WARN_UNUSED_VARIABLE = YES;
				IPHONEOS_DEPLOYMENT_TARGET = 12.2;
				MTL_ENABLE_DEBUG_INFO = NO;
				MTL_FAST_MATH = YES;
				SDKROOT = iphoneos;
				SWIFT_COMPILATION_MODE = wholemodule;
				SWIFT_OPTIMIZATION_LEVEL = "-O";
				VALIDATE_PRODUCT = YES;
			};
			name = Release;
		};
		4F27B79A22D9238A00ADA026 /* Debug */ = {
			isa = XCBuildConfiguration;
			baseConfigurationReference = 472116708EBF01C39FD1926E /* Pods-Module-2.debug.xcconfig */;
			buildSettings = {
				ASSETCATALOG_COMPILER_APPICON_NAME = AppIcon;
				CODE_SIGN_STYLE = Automatic;
				DEVELOPMENT_TEAM = 963UXK3MCT;
				INFOPLIST_FILE = "Module-2/Info.plist";
				LD_RUNPATH_SEARCH_PATHS = (
					"$(inherited)",
					"@executable_path/Frameworks",
				);
				PRODUCT_BUNDLE_IDENTIFIER = "com.pauldefilippi.Module-2";
				PRODUCT_NAME = "$(TARGET_NAME)";
				SWIFT_VERSION = 5.0;
				TARGETED_DEVICE_FAMILY = "1,2";
			};
			name = Debug;
		};
		4F27B79B22D9238A00ADA026 /* Release */ = {
			isa = XCBuildConfiguration;
			baseConfigurationReference = E42AA49B706F7DDC24B929E6 /* Pods-Module-2.release.xcconfig */;
			buildSettings = {
				ASSETCATALOG_COMPILER_APPICON_NAME = AppIcon;
				CODE_SIGN_STYLE = Automatic;
				DEVELOPMENT_TEAM = 963UXK3MCT;
				INFOPLIST_FILE = "Module-2/Info.plist";
				LD_RUNPATH_SEARCH_PATHS = (
					"$(inherited)",
					"@executable_path/Frameworks",
				);
				PRODUCT_BUNDLE_IDENTIFIER = "com.pauldefilippi.Module-2";
				PRODUCT_NAME = "$(TARGET_NAME)";
				SWIFT_VERSION = 5.0;
				TARGETED_DEVICE_FAMILY = "1,2";
			};
			name = Release;
		};
/* End XCBuildConfiguration section */

/* Begin XCConfigurationList section */
		4F27B78222D9238800ADA026 /* Build configuration list for PBXProject "Module-2" */ = {
			isa = XCConfigurationList;
			buildConfigurations = (
				4F27B79722D9238A00ADA026 /* Debug */,
				4F27B79822D9238A00ADA026 /* Release */,
			);
			defaultConfigurationIsVisible = 0;
			defaultConfigurationName = Release;
		};
		4F27B79922D9238A00ADA026 /* Build configuration list for PBXNativeTarget "Module-2" */ = {
			isa = XCConfigurationList;
			buildConfigurations = (
				4F27B79A22D9238A00ADA026 /* Debug */,
				4F27B79B22D9238A00ADA026 /* Release */,
			);
			defaultConfigurationIsVisible = 0;
			defaultConfigurationName = Release;
		};
/* End XCConfigurationList section */
	};
	rootObject = 4F27B77F22D9238800ADA026 /* Project object */;
}
